
Microsoft Visual Studio Solution File, Format Version 12.00
# Visual Studio Version 17
VisualStudioVersion = 17.4.33122.133
MinimumVisualStudioVersion = 10.0.40219.1
Project("{FAE04EC0-301F-11D3-BF4B-00C04F79EFBC}") = "Area Calculator", "Area Calculator\Area Calculator.csproj", "{3102CB09-9074-45C1-9429-0DFC1F897CAF}"
EndProject
Global
	GlobalSection(SolutionConfigurationPlatforms) = preSolution
		Debug|Any CPU = Debug|Any CPU
		Release|Any CPU = Release|Any CPU
	EndGlobalSection
	GlobalSection(ProjectConfigurationPlatforms) = postSolution
		{3102CB09-9074-45C1-9429-0DFC1F897CAF}.Debug|Any CPU.ActiveCfg = Debug|Any CPU
		{3102CB09-9074-45C1-9429-0DFC1F897CAF}.Debug|Any CPU.Build.0 = Debug|Any CPU
		{3102CB09-9074-45C1-9429-0DFC1F897CAF}.Release|Any CPU.ActiveCfg = Release|Any CPU
		{3102CB09-9074-45C1-9429-0DFC1F897CAF}.Release|Any CPU.Build.0 = Release|Any CPU
	EndGlobalSection
	GlobalSection(SolutionProperties) = preSolution
		HideSolutionNode = FALSE
	EndGlobalSection
	GlobalSection(ExtensibilityGlobals) = postSolution
		SolutionGuid = {2388F59E-2C78-454A-960F-C63840BDC7BB}
	EndGlobalSection
EndGlobal
